
Microsoft Visual Studio Solution File, Format Version 12.00
# Visual Studio Version 17
VisualStudioVersion = 17.0.31903.59
MinimumVisualStudioVersion = 10.0.40219.1
Project("{FAE04EC0-301F-11D3-BF4B-00C04F79EFBC}") = "MiApp.Consola", "MiApp.Consola\MiApp.Consola.csproj", "{71320F8F-2DF6-4262-BD07-C77E793447C2}"
EndProject
Project("{FAE04EC0-301F-11D3-BF4B-00C04F79EFBC}") = "MiApp.Consola.Tests", "MiApp.Consola.Tests\MiApp.Consola.Tests.csproj", "{0CC6988A-12AC-47A0-8AE3-2A8F9D490CD0}"
EndProject
Global
	GlobalSection(SolutionConfigurationPlatforms) = preSolution
		Debug|Any CPU = Debug|Any CPU
		Debug|x64 = Debug|x64
		Debug|x86 = Debug|x86
		Release|Any CPU = Release|Any CPU
		Release|x64 = Release|x64
		Release|x86 = Release|x86
	EndGlobalSection
	GlobalSection(ProjectConfigurationPlatforms) = postSolution
		{71320F8F-2DF6-4262-BD07-C77E793447C2}.Debug|Any CPU.ActiveCfg = Debug|Any CPU
		{71320F8F-2DF6-4262-BD07-C77E793447C2}.Debug|Any CPU.Build.0 = Debug|Any CPU
		{71320F8F-2DF6-4262-BD07-C77E793447C2}.Debug|x64.ActiveCfg = Debug|Any CPU
		{71320F8F-2DF6-4262-BD07-C77E793447C2}.Debug|x64.Build.0 = Debug|Any CPU
		{71320F8F-2DF6-4262-BD07-C77E793447C2}.Debug|x86.ActiveCfg = Debug|Any CPU
		{71320F8F-2DF6-4262-BD07-C77E793447C2}.Debug|x86.Build.0 = Debug|Any CPU
		{71320F8F-2DF6-4262-BD07-C77E793447C2}.Release|Any CPU.ActiveCfg = Release|Any CPU
		{71320F8F-2DF6-4262-BD07-C77E793447C2}.Release|Any CPU.Build.0 = Release|Any CPU
		{71320F8F-2DF6-4262-BD07-C77E793447C2}.Release|x64.ActiveCfg = Release|Any CPU
		{71320F8F-2DF6-4262-BD07-C77E793447C2}.Release|x64.Build.0 = Release|Any CPU
		{71320F8F-2DF6-4262-BD07-C77E793447C2}.Release|x86.ActiveCfg = Release|Any CPU
		{71320F8F-2DF6-4262-BD07-C77E793447C2}.Release|x86.Build.0 = Release|Any CPU
		{0CC6988A-12AC-47A0-8AE3-2A8F9D490CD0}.Debug|Any CPU.ActiveCfg = Debug|Any CPU
		{0CC6988A-12AC-47A0-8AE3-2A8F9D490CD0}.Debug|Any CPU.Build.0 = Debug|Any CPU
		{0CC6988A-12AC-47A0-8AE3-2A8F9D490CD0}.Debug|x64.ActiveCfg = Debug|Any CPU
		{0CC6988A-12AC-47A0-8AE3-2A8F9D490CD0}.Debug|x64.Build.0 = Debug|Any CPU
		{0CC6988A-12AC-47A0-8AE3-2A8F9D490CD0}.Debug|x86.ActiveCfg = Debug|Any CPU
		{0CC6988A-12AC-47A0-8AE3-2A8F9D490CD0}.Debug|x86.Build.0 = Debug|Any CPU
		{0CC6988A-12AC-47A0-8AE3-2A8F9D490CD0}.Release|Any CPU.ActiveCfg = Release|Any CPU
		{0CC6988A-12AC-47A0-8AE3-2A8F9D490CD0}.Release|Any CPU.Build.0 = Release|Any CPU
		{0CC6988A-12AC-47A0-8AE3-2A8F9D490CD0}.Release|x64.ActiveCfg = Release|Any CPU
		{0CC6988A-12AC-47A0-8AE3-2A8F9D490CD0}.Release|x64.Build.0 = Release|Any CPU
		{0CC6988A-12AC-47A0-8AE3-2A8F9D490CD0}.Release|x86.ActiveCfg = Release|Any CPU
		{0CC6988A-12AC-47A0-8AE3-2A8F9D490CD0}.Release|x86.Build.0 = Release|Any CPU
	EndGlobalSection
	GlobalSection(SolutionProperties) = preSolution
		HideSolutionNode = FALSE
	EndGlobalSection
EndGlobal
